
Microsoft Visual Studio Solution File, Format Version 12.00
# Visual Studio Version 17
VisualStudioVersion = 17.13.35818.85 d17.13
MinimumVisualStudioVersion = 10.0.40219.1
Project("{FAE04EC0-301F-11D3-BF4B-00C04F79EFBC}") = "Class06ExerciseHW", "Class06ExerciseHW\Class06ExerciseHW.csproj", "{0B8B326A-ABA5-4465-9D28-21D1CF5116BC}"
EndProject
Global
	GlobalSection(SolutionConfigurationPlatforms) = preSolution
		Debug|Any CPU = Debug|Any CPU
		Release|Any CPU = Release|Any CPU
	EndGlobalSection
	GlobalSection(ProjectConfigurationPlatforms) = postSolution
		{0B8B326A-ABA5-4465-9D28-21D1CF5116BC}.Debug|Any CPU.ActiveCfg = Debug|Any CPU
		{0B8B326A-ABA5-4465-9D28-21D1CF5116BC}.Debug|Any CPU.Build.0 = Debug|Any CPU
		{0B8B326A-ABA5-4465-9D28-21D1CF5116BC}.Release|Any CPU.ActiveCfg = Release|Any CPU
		{0B8B326A-ABA5-4465-9D28-21D1CF5116BC}.Release|Any CPU.Build.0 = Release|Any CPU
	EndGlobalSection
	GlobalSection(SolutionProperties) = preSolution
		HideSolutionNode = FALSE
	EndGlobalSection
	GlobalSection(ExtensibilityGlobals) = postSolution
		SolutionGuid = {743D50BE-D49E-4CEA-9671-57402A2BEAFD}
	EndGlobalSection
EndGlobal
